
Microsoft Visual Studio Solution File, Format Version 12.00
# Visual Studio 15
Project("{FAE04EC0-301F-11D3-BF4B-00C04F79EFBC}") = "Assembly-CSharp", "Assembly-CSharp.csproj", "{986007BE-D524-DE52-D24F-96A6053F2D13}"
EndProject
Project("{FAE04EC0-301F-11D3-BF4B-00C04F79EFBC}") = "Assembly-CSharp-Editor", "Assembly-CSharp-Editor.csproj", "{A78B6739-AB11-0A1E-22D1-F70361780FC1}"
EndProject
Global
	GlobalSection(SolutionConfigurationPlatforms) = preSolution
		Debug|Any CPU = Debug|Any CPU
		Release|Any CPU = Release|Any CPU
	EndGlobalSection
	GlobalSection(ProjectConfigurationPlatforms) = postSolution
		{986007BE-D524-DE52-D24F-96A6053F2D13}.Debug|Any CPU.ActiveCfg = Debug|Any CPU
		{986007BE-D524-DE52-D24F-96A6053F2D13}.Debug|Any CPU.Build.0 = Debug|Any CPU
		{986007BE-D524-DE52-D24F-96A6053F2D13}.Release|Any CPU.ActiveCfg = Release|Any CPU
		{986007BE-D524-DE52-D24F-96A6053F2D13}.Release|Any CPU.Build.0 = Release|Any CPU
		{A78B6739-AB11-0A1E-22D1-F70361780FC1}.Debug|Any CPU.ActiveCfg = Debug|Any CPU
		{A78B6739-AB11-0A1E-22D1-F70361780FC1}.Debug|Any CPU.Build.0 = Debug|Any CPU
		{A78B6739-AB11-0A1E-22D1-F70361780FC1}.Release|Any CPU.ActiveCfg = Release|Any CPU
		{A78B6739-AB11-0A1E-22D1-F70361780FC1}.Release|Any CPU.Build.0 = Release|Any CPU
	EndGlobalSection
	GlobalSection(SolutionProperties) = preSolution
		HideSolutionNode = FALSE
	EndGlobalSection
EndGlobal
